
Microsoft Visual Studio Solution File, Format Version 12.00
# Visual Studio Version 17
VisualStudioVersion = 17.7.34031.279
MinimumVisualStudioVersion = 10.0.40219.1
Project("{FAE04EC0-301F-11D3-BF4B-00C04F79EFBC}") = "FirstMVCProject1", "FirstMVCProject1\FirstMVCProject1.csproj", "{052F4A0B-89E7-4AE3-97CD-06DC9B757583}"
EndProject
Global
	GlobalSection(SolutionConfigurationPlatforms) = preSolution
		Debug|Any CPU = Debug|Any CPU
		Release|Any CPU = Release|Any CPU
	EndGlobalSection
	GlobalSection(ProjectConfigurationPlatforms) = postSolution
		{052F4A0B-89E7-4AE3-97CD-06DC9B757583}.Debug|Any CPU.ActiveCfg = Debug|Any CPU
		{052F4A0B-89E7-4AE3-97CD-06DC9B757583}.Debug|Any CPU.Build.0 = Debug|Any CPU
		{052F4A0B-89E7-4AE3-97CD-06DC9B757583}.Release|Any CPU.ActiveCfg = Release|Any CPU
		{052F4A0B-89E7-4AE3-97CD-06DC9B757583}.Release|Any CPU.Build.0 = Release|Any CPU
	EndGlobalSection
	GlobalSection(SolutionProperties) = preSolution
		HideSolutionNode = FALSE
	EndGlobalSection
	GlobalSection(ExtensibilityGlobals) = postSolution
		SolutionGuid = {7D2F26D0-C8B5-4DC8-A520-C569764C44AF}
	EndGlobalSection
EndGlobal
